{
    "version": 3,
    "terraform_version": "0.12.31",
    "serial": 1,
    "lineage": "f171bad9-f90b-4a34-f8a2-36fb1b741db3",
    "modules": [
        {
            "path": [
                "root"
            ],
            "outputs": {
                "aws_route53_record_tfer--Z06354454FVX3ENIMYWL_6inwkyvnogpixpmeoipxbwwc7ldbvvxa-002E-_domainkey-002E-bee-club-002E-org-002E-_CNAME__id": {
                    "sensitive": false,
                    "type": "string",
                    "value": "Z06354454FVX3ENIMYWL_6inwkyvnogpixpmeoipxbwwc7ldbvvxa._domainkey.bee-club.org._CNAME_"
                },
                "aws_route53_record_tfer--Z06354454FVX3ENIMYWL__amazonses-002E-bee-club-002E-org-002E-_TXT__id": {
                    "sensitive": false,
                    "type": "string",
                    "value": "Z06354454FVX3ENIMYWL__amazonses.bee-club.org._TXT_"
                },
                "aws_route53_record_tfer--Z06354454FVX3ENIMYWL_autodiscover-002E-bee-club-002E-org-002E-_CNAME__id": {
                    "sensitive": false,
                    "type": "string",
                    "value": "Z06354454FVX3ENIMYWL_autodiscover.bee-club.org._CNAME_"
                },
                "aws_route53_record_tfer--Z06354454FVX3ENIMYWL_bee-club-002E-org-002E-_MX__id": {
                    "sensitive": false,
                    "type": "string",
                    "value": "Z06354454FVX3ENIMYWL_bee-club.org._MX_"
                },
                "aws_route53_record_tfer--Z06354454FVX3ENIMYWL_bee-club-002E-org-002E-_NS__id": {
                    "sensitive": false,
                    "type": "string",
                    "value": "Z06354454FVX3ENIMYWL_bee-club.org._NS_"
                },
                "aws_route53_record_tfer--Z06354454FVX3ENIMYWL_bee-club-002E-org-002E-_SOA__id": {
                    "sensitive": false,
                    "type": "string",
                    "value": "Z06354454FVX3ENIMYWL_bee-club.org._SOA_"
                },
                "aws_route53_record_tfer--Z06354454FVX3ENIMYWL_pcmlhahqufrjh7cvjdvz4j2pgsg7r6j3-002E-_domainkey-002E-bee-club-002E-org-002E-_CNAME__id": {
                    "sensitive": false,
                    "type": "string",
                    "value": "Z06354454FVX3ENIMYWL_pcmlhahqufrjh7cvjdvz4j2pgsg7r6j3._domainkey.bee-club.org._CNAME_"
                },
                "aws_route53_record_tfer--Z06354454FVX3ENIMYWL_vl45c33xqjukytq33qydwlaxww5inpya-002E-_domainkey-002E-bee-club-002E-org-002E-_CNAME__id": {
                    "sensitive": false,
                    "type": "string",
                    "value": "Z06354454FVX3ENIMYWL_vl45c33xqjukytq33qydwlaxww5inpya._domainkey.bee-club.org._CNAME_"
                },
                "aws_route53_record_tfer--Z0774431171WQ3K4FFAFP__965981e32f3251925ae8c24e09d0f783-002E-web-crm-002E-software-002E-_CNAME__id": {
                    "sensitive": false,
                    "type": "string",
                    "value": "Z0774431171WQ3K4FFAFP__965981e32f3251925ae8c24e09d0f783.web-crm.software._CNAME_"
                },
                "aws_route53_record_tfer--Z0774431171WQ3K4FFAFP_artemis-002E-web-crm-002E-software-002E-_CNAME__id": {
                    "sensitive": false,
                    "type": "string",
                    "value": "Z0774431171WQ3K4FFAFP_artemis.web-crm.software._CNAME_"
                },
                "aws_route53_record_tfer--Z0774431171WQ3K4FFAFP_dev-artemis-002E-web-crm-002E-software-002E-_CNAME__id": {
                    "sensitive": false,
                    "type": "string",
                    "value": "Z0774431171WQ3K4FFAFP_dev-artemis.web-crm.software._CNAME_"
                },
                "aws_route53_record_tfer--Z0774431171WQ3K4FFAFP_web-crm-002E-software-002E-_NS__id": {
                    "sensitive": false,
                    "type": "string",
                    "value": "Z0774431171WQ3K4FFAFP_web-crm.software._NS_"
                },
                "aws_route53_record_tfer--Z0774431171WQ3K4FFAFP_web-crm-002E-software-002E-_SOA__id": {
                    "sensitive": false,
                    "type": "string",
                    "value": "Z0774431171WQ3K4FFAFP_web-crm.software._SOA_"
                },
                "aws_route53_zone_tfer--Z06354454FVX3ENIMYWL_bee-club-002E-org_id": {
                    "sensitive": false,
                    "type": "string",
                    "value": "Z06354454FVX3ENIMYWL"
                },
                "aws_route53_zone_tfer--Z0774431171WQ3K4FFAFP_web-crm-002E-software_id": {
                    "sensitive": false,
                    "type": "string",
                    "value": "Z0774431171WQ3K4FFAFP"
                }
            },
            "resources": {
                "aws_route53_record.tfer--Z06354454FVX3ENIMYWL_6inwkyvnogpixpmeoipxbwwc7ldbvvxa-002E-_domainkey-002E-bee-club-002E-org-002E-_CNAME_": {
                    "type": "aws_route53_record",
                    "depends_on": [],
                    "primary": {
                        "id": "Z06354454FVX3ENIMYWL_6inwkyvnogpixpmeoipxbwwc7ldbvvxa._domainkey.bee-club.org._CNAME_",
                        "attributes": {
                            "fqdn": "6inwkyvnogpixpmeoipxbwwc7ldbvvxa._domainkey.bee-club.org",
                            "health_check_id": "",
                            "id": "Z06354454FVX3ENIMYWL_6inwkyvnogpixpmeoipxbwwc7ldbvvxa._domainkey.bee-club.org._CNAME_",
                            "name": "6inwkyvnogpixpmeoipxbwwc7ldbvvxa._domainkey.bee-club.org",
                            "records.#": "1",
                            "records.0": "6inwkyvnogpixpmeoipxbwwc7ldbvvxa.dkim.amazonses.com.",
                            "set_identifier": "",
                            "ttl": "600",
                            "type": "CNAME",
                            "zone_id": "Z06354454FVX3ENIMYWL"
                        },
                        "meta": {
                            "schema_version": 2
                        },
                        "tainted": false
                    },
                    "deposed": [],
                    "provider": "provider.aws"
                },
                "aws_route53_record.tfer--Z06354454FVX3ENIMYWL__amazonses-002E-bee-club-002E-org-002E-_TXT_": {
                    "type": "aws_route53_record",
                    "depends_on": [],
                    "primary": {
                        "id": "Z06354454FVX3ENIMYWL__amazonses.bee-club.org._TXT_",
                        "attributes": {
                            "fqdn": "_amazonses.bee-club.org",
                            "health_check_id": "",
                            "id": "Z06354454FVX3ENIMYWL__amazonses.bee-club.org._TXT_",
                            "name": "_amazonses.bee-club.org",
                            "records.#": "1",
                            "records.0": "YCW2LPR0wjG1PwFqVz3Y0wANoFPpcyLxuLiPKUrjQQY=",
                            "set_identifier": "",
                            "ttl": "600",
                            "type": "TXT",
                            "zone_id": "Z06354454FVX3ENIMYWL"
                        },
                        "meta": {
                            "schema_version": 2
                        },
                        "tainted": false
                    },
                    "deposed": [],
                    "provider": "provider.aws"
                },
                "aws_route53_record.tfer--Z06354454FVX3ENIMYWL_autodiscover-002E-bee-club-002E-org-002E-_CNAME_": {
                    "type": "aws_route53_record",
                    "depends_on": [],
                    "primary": {
                        "id": "Z06354454FVX3ENIMYWL_autodiscover.bee-club.org._CNAME_",
                        "attributes": {
                            "fqdn": "autodiscover.bee-club.org",
                            "health_check_id": "",
                            "id": "Z06354454FVX3ENIMYWL_autodiscover.bee-club.org._CNAME_",
                            "name": "autodiscover.bee-club.org",
                            "records.#": "1",
                            "records.0": "autodiscover.mail.us-east-1.awsapps.com.",
                            "set_identifier": "",
                            "ttl": "600",
                            "type": "CNAME",
                            "zone_id": "Z06354454FVX3ENIMYWL"
                        },
                        "meta": {
                            "schema_version": 2
                        },
                        "tainted": false
                    },
                    "deposed": [],
                    "provider": "provider.aws"
                },
                "aws_route53_record.tfer--Z06354454FVX3ENIMYWL_bee-club-002E-org-002E-_MX_": {
                    "type": "aws_route53_record",
                    "depends_on": [],
                    "primary": {
                        "id": "Z06354454FVX3ENIMYWL_bee-club.org._MX_",
                        "attributes": {
                            "fqdn": "bee-club.org",
                            "health_check_id": "",
                            "id": "Z06354454FVX3ENIMYWL_bee-club.org._MX_",
                            "name": "bee-club.org",
                            "records.#": "1",
                            "records.0": "10 inbound-smtp.us-east-1.amazonaws.com.",
                            "set_identifier": "",
                            "ttl": "600",
                            "type": "MX",
                            "zone_id": "Z06354454FVX3ENIMYWL"
                        },
                        "meta": {
                            "schema_version": 2
                        },
                        "tainted": false
                    },
                    "deposed": [],
                    "provider": "provider.aws"
                },
                "aws_route53_record.tfer--Z06354454FVX3ENIMYWL_bee-club-002E-org-002E-_NS_": {
                    "type": "aws_route53_record",
                    "depends_on": [],
                    "primary": {
                        "id": "Z06354454FVX3ENIMYWL_bee-club.org._NS_",
                        "attributes": {
                            "fqdn": "bee-club.org",
                            "health_check_id": "",
                            "id": "Z06354454FVX3ENIMYWL_bee-club.org._NS_",
                            "name": "bee-club.org",
                            "records.#": "4",
                            "records.0": "ns-1366.awsdns-42.org.",
                            "records.1": "ns-1629.awsdns-11.co.uk.",
                            "records.2": "ns-424.awsdns-53.com.",
                            "records.3": "ns-902.awsdns-48.net.",
                            "set_identifier": "",
                            "ttl": "172800",
                            "type": "NS",
                            "zone_id": "Z06354454FVX3ENIMYWL"
                        },
                        "meta": {
                            "schema_version": 2
                        },
                        "tainted": false
                    },
                    "deposed": [],
                    "provider": "provider.aws"
                },
                "aws_route53_record.tfer--Z06354454FVX3ENIMYWL_bee-club-002E-org-002E-_SOA_": {
                    "type": "aws_route53_record",
                    "depends_on": [],
                    "primary": {
                        "id": "Z06354454FVX3ENIMYWL_bee-club.org._SOA_",
                        "attributes": {
                            "fqdn": "bee-club.org",
                            "health_check_id": "",
                            "id": "Z06354454FVX3ENIMYWL_bee-club.org._SOA_",
                            "name": "bee-club.org",
                            "records.#": "1",
                            "records.0": "ns-902.awsdns-48.net. awsdns-hostmaster.amazon.com. 1 7200 900 1209600 86400",
                            "set_identifier": "",
                            "ttl": "900",
                            "type": "SOA",
                            "zone_id": "Z06354454FVX3ENIMYWL"
                        },
                        "meta": {
                            "schema_version": 2
                        },
                        "tainted": false
                    },
                    "deposed": [],
                    "provider": "provider.aws"
                },
                "aws_route53_record.tfer--Z06354454FVX3ENIMYWL_pcmlhahqufrjh7cvjdvz4j2pgsg7r6j3-002E-_domainkey-002E-bee-club-002E-org-002E-_CNAME_": {
                    "type": "aws_route53_record",
                    "depends_on": [],
                    "primary": {
                        "id": "Z06354454FVX3ENIMYWL_pcmlhahqufrjh7cvjdvz4j2pgsg7r6j3._domainkey.bee-club.org._CNAME_",
                        "attributes": {
                            "fqdn": "pcmlhahqufrjh7cvjdvz4j2pgsg7r6j3._domainkey.bee-club.org",
                            "health_check_id": "",
                            "id": "Z06354454FVX3ENIMYWL_pcmlhahqufrjh7cvjdvz4j2pgsg7r6j3._domainkey.bee-club.org._CNAME_",
                            "name": "pcmlhahqufrjh7cvjdvz4j2pgsg7r6j3._domainkey.bee-club.org",
                            "records.#": "1",
                            "records.0": "pcmlhahqufrjh7cvjdvz4j2pgsg7r6j3.dkim.amazonses.com.",
                            "set_identifier": "",
                            "ttl": "600",
                            "type": "CNAME",
                            "zone_id": "Z06354454FVX3ENIMYWL"
                        },
                        "meta": {
                            "schema_version": 2
                        },
                        "tainted": false
                    },
                    "deposed": [],
                    "provider": "provider.aws"
                },
                "aws_route53_record.tfer--Z06354454FVX3ENIMYWL_vl45c33xqjukytq33qydwlaxww5inpya-002E-_domainkey-002E-bee-club-002E-org-002E-_CNAME_": {
                    "type": "aws_route53_record",
                    "depends_on": [],
                    "primary": {
                        "id": "Z06354454FVX3ENIMYWL_vl45c33xqjukytq33qydwlaxww5inpya._domainkey.bee-club.org._CNAME_",
                        "attributes": {
                            "fqdn": "vl45c33xqjukytq33qydwlaxww5inpya._domainkey.bee-club.org",
                            "health_check_id": "",
                            "id": "Z06354454FVX3ENIMYWL_vl45c33xqjukytq33qydwlaxww5inpya._domainkey.bee-club.org._CNAME_",
                            "name": "vl45c33xqjukytq33qydwlaxww5inpya._domainkey.bee-club.org",
                            "records.#": "1",
                            "records.0": "vl45c33xqjukytq33qydwlaxww5inpya.dkim.amazonses.com.",
                            "set_identifier": "",
                            "ttl": "600",
                            "type": "CNAME",
                            "zone_id": "Z06354454FVX3ENIMYWL"
                        },
                        "meta": {
                            "schema_version": 2
                        },
                        "tainted": false
                    },
                    "deposed": [],
                    "provider": "provider.aws"
                },
                "aws_route53_record.tfer--Z0774431171WQ3K4FFAFP__965981e32f3251925ae8c24e09d0f783-002E-web-crm-002E-software-002E-_CNAME_": {
                    "type": "aws_route53_record",
                    "depends_on": [],
                    "primary": {
                        "id": "Z0774431171WQ3K4FFAFP__965981e32f3251925ae8c24e09d0f783.web-crm.software._CNAME_",
                        "attributes": {
                            "fqdn": "_965981e32f3251925ae8c24e09d0f783.web-crm.software",
                            "health_check_id": "",
                            "id": "Z0774431171WQ3K4FFAFP__965981e32f3251925ae8c24e09d0f783.web-crm.software._CNAME_",
                            "name": "_965981e32f3251925ae8c24e09d0f783.web-crm.software",
                            "records.#": "1",
                            "records.0": "EA796CA92E19A324656A80A525904BEA.AD09A561DD5A4DC12238E76D83CD8F37.6a2199e370271c1.comodoca.com",
                            "set_identifier": "",
                            "ttl": "3600",
                            "type": "CNAME",
                            "zone_id": "Z0774431171WQ3K4FFAFP"
                        },
                        "meta": {
                            "schema_version": 2
                        },
                        "tainted": false
                    },
                    "deposed": [],
                    "provider": "provider.aws"
                },
                "aws_route53_record.tfer--Z0774431171WQ3K4FFAFP_artemis-002E-web-crm-002E-software-002E-_CNAME_": {
                    "type": "aws_route53_record",
                    "depends_on": [],
                    "primary": {
                        "id": "Z0774431171WQ3K4FFAFP_artemis.web-crm.software._CNAME_",
                        "attributes": {
                            "fqdn": "artemis.web-crm.software",
                            "health_check_id": "",
                            "id": "Z0774431171WQ3K4FFAFP_artemis.web-crm.software._CNAME_",
                            "name": "artemis.web-crm.software",
                            "records.#": "1",
                            "records.0": "test-368335589.ap-east-1.elb.amazonaws.com",
                            "set_identifier": "",
                            "ttl": "300",
                            "type": "CNAME",
                            "zone_id": "Z0774431171WQ3K4FFAFP"
                        },
                        "meta": {
                            "schema_version": 2
                        },
                        "tainted": false
                    },
                    "deposed": [],
                    "provider": "provider.aws"
                },
                "aws_route53_record.tfer--Z0774431171WQ3K4FFAFP_dev-artemis-002E-web-crm-002E-software-002E-_CNAME_": {
                    "type": "aws_route53_record",
                    "depends_on": [],
                    "primary": {
                        "id": "Z0774431171WQ3K4FFAFP_dev-artemis.web-crm.software._CNAME_",
                        "attributes": {
                            "fqdn": "dev-artemis.web-crm.software",
                            "health_check_id": "",
                            "id": "Z0774431171WQ3K4FFAFP_dev-artemis.web-crm.software._CNAME_",
                            "name": "dev-artemis.web-crm.software",
                            "records.#": "1",
                            "records.0": "crm-dev-1197896151.ap-east-1.elb.amazonaws.com",
                            "set_identifier": "",
                            "ttl": "300",
                            "type": "CNAME",
                            "zone_id": "Z0774431171WQ3K4FFAFP"
                        },
                        "meta": {
                            "schema_version": 2
                        },
                        "tainted": false
                    },
                    "deposed": [],
                    "provider": "provider.aws"
                },
                "aws_route53_record.tfer--Z0774431171WQ3K4FFAFP_web-crm-002E-software-002E-_NS_": {
                    "type": "aws_route53_record",
                    "depends_on": [],
                    "primary": {
                        "id": "Z0774431171WQ3K4FFAFP_web-crm.software._NS_",
                        "attributes": {
                            "fqdn": "web-crm.software",
                            "health_check_id": "",
                            "id": "Z0774431171WQ3K4FFAFP_web-crm.software._NS_",
                            "name": "web-crm.software",
                            "records.#": "4",
                            "records.0": "ns-1207.awsdns-22.org.",
                            "records.1": "ns-2016.awsdns-60.co.uk.",
                            "records.2": "ns-501.awsdns-62.com.",
                            "records.3": "ns-861.awsdns-43.net.",
                            "set_identifier": "",
                            "ttl": "172800",
                            "type": "NS",
                            "zone_id": "Z0774431171WQ3K4FFAFP"
                        },
                        "meta": {
                            "schema_version": 2
                        },
                        "tainted": false
                    },
                    "deposed": [],
                    "provider": "provider.aws"
                },
                "aws_route53_record.tfer--Z0774431171WQ3K4FFAFP_web-crm-002E-software-002E-_SOA_": {
                    "type": "aws_route53_record",
                    "depends_on": [],
                    "primary": {
                        "id": "Z0774431171WQ3K4FFAFP_web-crm.software._SOA_",
                        "attributes": {
                            "fqdn": "web-crm.software",
                            "health_check_id": "",
                            "id": "Z0774431171WQ3K4FFAFP_web-crm.software._SOA_",
                            "name": "web-crm.software",
                            "records.#": "1",
                            "records.0": "ns-501.awsdns-62.com. awsdns-hostmaster.amazon.com. 1 7200 900 1209600 86400",
                            "set_identifier": "",
                            "ttl": "900",
                            "type": "SOA",
                            "zone_id": "Z0774431171WQ3K4FFAFP"
                        },
                        "meta": {
                            "schema_version": 2
                        },
                        "tainted": false
                    },
                    "deposed": [],
                    "provider": "provider.aws"
                },
                "aws_route53_zone.tfer--Z06354454FVX3ENIMYWL_bee-club-002E-org": {
                    "type": "aws_route53_zone",
                    "depends_on": [],
                    "primary": {
                        "id": "Z06354454FVX3ENIMYWL",
                        "attributes": {
                            "arn": "arn:aws:route53:::hostedzone/Z06354454FVX3ENIMYWL",
                            "comment": "HostedZone created by Route53 Registrar",
                            "delegation_set_id": "",
                            "force_destroy": "false",
                            "id": "Z06354454FVX3ENIMYWL",
                            "name": "bee-club.org",
                            "name_servers.#": "4",
                            "name_servers.0": "ns-1366.awsdns-42.org",
                            "name_servers.1": "ns-1629.awsdns-11.co.uk",
                            "name_servers.2": "ns-424.awsdns-53.com",
                            "name_servers.3": "ns-902.awsdns-48.net",
                            "tags.%": "0",
                            "tags_all.%": "0",
                            "vpc.#": "0",
                            "zone_id": "Z06354454FVX3ENIMYWL"
                        },
                        "meta": {
                            "schema_version": 0
                        },
                        "tainted": false
                    },
                    "deposed": [],
                    "provider": "provider.aws"
                },
                "aws_route53_zone.tfer--Z0774431171WQ3K4FFAFP_web-crm-002E-software": {
                    "type": "aws_route53_zone",
                    "depends_on": [],
                    "primary": {
                        "id": "Z0774431171WQ3K4FFAFP",
                        "attributes": {
                            "arn": "arn:aws:route53:::hostedzone/Z0774431171WQ3K4FFAFP",
                            "comment": "For CRM",
                            "delegation_set_id": "",
                            "force_destroy": "false",
                            "id": "Z0774431171WQ3K4FFAFP",
                            "name": "web-crm.software",
                            "name_servers.#": "4",
                            "name_servers.0": "ns-1207.awsdns-22.org",
                            "name_servers.1": "ns-2016.awsdns-60.co.uk",
                            "name_servers.2": "ns-501.awsdns-62.com",
                            "name_servers.3": "ns-861.awsdns-43.net",
                            "tags.%": "0",
                            "tags_all.%": "0",
                            "vpc.#": "0",
                            "zone_id": "Z0774431171WQ3K4FFAFP"
                        },
                        "meta": {
                            "schema_version": 0
                        },
                        "tainted": false
                    },
                    "deposed": [],
                    "provider": "provider.aws"
                }
            },
            "depends_on": []
        }
    ]
}
