{
    "version": 3,
    "terraform_version": "0.12.31",
    "serial": 1,
    "lineage": "3997c8fb-aee3-1304-4fbc-094656532424",
    "modules": [
        {
            "path": [
                "root"
            ],
            "outputs": {
                "aws_lb_listener_rule_tfer--arn-003A-aws-003A-elasticloadbalancing-003A-ap-east-1-003A-821378024988-003A-listener-rule-002F-app-002F-crm-dev-002F-2c616992d865732e-002F-9aebca9e04c94baf-002F-3c7e76b13947c8c1_id": {
                    "sensitive": false,
                    "type": "string",
                    "value": "arn:aws:elasticloadbalancing:ap-east-1:821378024988:listener-rule/app/crm-dev/2c616992d865732e/9aebca9e04c94baf/3c7e76b13947c8c1"
                },
                "aws_lb_listener_rule_tfer--arn-003A-aws-003A-elasticloadbalancing-003A-ap-east-1-003A-821378024988-003A-listener-rule-002F-app-002F-crm-dev-002F-2c616992d865732e-002F-9aebca9e04c94baf-002F-6cd57ab107fec5c5_id": {
                    "sensitive": false,
                    "type": "string",
                    "value": "arn:aws:elasticloadbalancing:ap-east-1:821378024988:listener-rule/app/crm-dev/2c616992d865732e/9aebca9e04c94baf/6cd57ab107fec5c5"
                },
                "aws_lb_listener_rule_tfer--arn-003A-aws-003A-elasticloadbalancing-003A-ap-east-1-003A-821378024988-003A-listener-rule-002F-app-002F-test-002F-6be875d7f742645d-002F-a6e12c6ff26e0b40-002F-0569c922ce43b026_id": {
                    "sensitive": false,
                    "type": "string",
                    "value": "arn:aws:elasticloadbalancing:ap-east-1:821378024988:listener-rule/app/test/6be875d7f742645d/a6e12c6ff26e0b40/0569c922ce43b026"
                },
                "aws_lb_listener_rule_tfer--arn-003A-aws-003A-elasticloadbalancing-003A-ap-east-1-003A-821378024988-003A-listener-rule-002F-app-002F-test-002F-6be875d7f742645d-002F-a6e12c6ff26e0b40-002F-cf77833bc048a757_id": {
                    "sensitive": false,
                    "type": "string",
                    "value": "arn:aws:elasticloadbalancing:ap-east-1:821378024988:listener-rule/app/test/6be875d7f742645d/a6e12c6ff26e0b40/cf77833bc048a757"
                },
                "aws_lb_listener_tfer--arn-003A-aws-003A-elasticloadbalancing-003A-ap-east-1-003A-821378024988-003A-listener-002F-app-002F-crm-dev-002F-2c616992d865732e-002F-9aebca9e04c94baf_id": {
                    "sensitive": false,
                    "type": "string",
                    "value": "arn:aws:elasticloadbalancing:ap-east-1:821378024988:listener/app/crm-dev/2c616992d865732e/9aebca9e04c94baf"
                },
                "aws_lb_listener_tfer--arn-003A-aws-003A-elasticloadbalancing-003A-ap-east-1-003A-821378024988-003A-listener-002F-app-002F-test-002F-6be875d7f742645d-002F-5884da1c026e4c84_id": {
                    "sensitive": false,
                    "type": "string",
                    "value": "arn:aws:elasticloadbalancing:ap-east-1:821378024988:listener/app/test/6be875d7f742645d/5884da1c026e4c84"
                },
                "aws_lb_listener_tfer--arn-003A-aws-003A-elasticloadbalancing-003A-ap-east-1-003A-821378024988-003A-listener-002F-app-002F-test-002F-6be875d7f742645d-002F-a6e12c6ff26e0b40_id": {
                    "sensitive": false,
                    "type": "string",
                    "value": "arn:aws:elasticloadbalancing:ap-east-1:821378024988:listener/app/test/6be875d7f742645d/a6e12c6ff26e0b40"
                },
                "aws_lb_target_group_tfer--crm-backend_id": {
                    "sensitive": false,
                    "type": "string",
                    "value": "arn:aws:elasticloadbalancing:ap-east-1:821378024988:targetgroup/crm-backend/4f6f899517d68fb8"
                },
                "aws_lb_target_group_tfer--crm-cms_id": {
                    "sensitive": false,
                    "type": "string",
                    "value": "arn:aws:elasticloadbalancing:ap-east-1:821378024988:targetgroup/crm-cms/b0a69e7dde975c01"
                },
                "aws_lb_target_group_tfer--crm-dev-backend_id": {
                    "sensitive": false,
                    "type": "string",
                    "value": "arn:aws:elasticloadbalancing:ap-east-1:821378024988:targetgroup/crm-dev-backend/b481351f6c83be1c"
                },
                "aws_lb_target_group_tfer--crm-dev-cms_id": {
                    "sensitive": false,
                    "type": "string",
                    "value": "arn:aws:elasticloadbalancing:ap-east-1:821378024988:targetgroup/crm-dev-cms/02229612c77f237d"
                },
                "aws_lb_target_group_tfer--crm-dev-frontend_id": {
                    "sensitive": false,
                    "type": "string",
                    "value": "arn:aws:elasticloadbalancing:ap-east-1:821378024988:targetgroup/crm-dev-frontend/b2b4a0708de02a19"
                },
                "aws_lb_target_group_tfer--crm_id": {
                    "sensitive": false,
                    "type": "string",
                    "value": "arn:aws:elasticloadbalancing:ap-east-1:821378024988:targetgroup/crm/46ab67702ec0004a"
                },
                "aws_lb_tfer--crm-dev_id": {
                    "sensitive": false,
                    "type": "string",
                    "value": "arn:aws:elasticloadbalancing:ap-east-1:821378024988:loadbalancer/app/crm-dev/2c616992d865732e"
                },
                "aws_lb_tfer--test_id": {
                    "sensitive": false,
                    "type": "string",
                    "value": "arn:aws:elasticloadbalancing:ap-east-1:821378024988:loadbalancer/app/test/6be875d7f742645d"
                }
            },
            "resources": {
                "aws_lb.tfer--crm-dev": {
                    "type": "aws_lb",
                    "depends_on": [],
                    "primary": {
                        "id": "arn:aws:elasticloadbalancing:ap-east-1:821378024988:loadbalancer/app/crm-dev/2c616992d865732e",
                        "attributes": {
                            "access_logs.#": "1",
                            "access_logs.0.bucket": "",
                            "access_logs.0.enabled": "false",
                            "access_logs.0.prefix": "",
                            "arn": "arn:aws:elasticloadbalancing:ap-east-1:821378024988:loadbalancer/app/crm-dev/2c616992d865732e",
                            "arn_suffix": "app/crm-dev/2c616992d865732e",
                            "customer_owned_ipv4_pool": "",
                            "desync_mitigation_mode": "defensive",
                            "dns_name": "crm-dev-1197896151.ap-east-1.elb.amazonaws.com",
                            "drop_invalid_header_fields": "false",
                            "enable_deletion_protection": "false",
                            "enable_http2": "true",
                            "enable_waf_fail_open": "false",
                            "id": "arn:aws:elasticloadbalancing:ap-east-1:821378024988:loadbalancer/app/crm-dev/2c616992d865732e",
                            "idle_timeout": "60",
                            "internal": "false",
                            "ip_address_type": "ipv4",
                            "load_balancer_type": "application",
                            "name": "crm-dev",
                            "security_groups.#": "1",
                            "security_groups.0": "sg-0c3a2e558a6a67a84",
                            "subnet_mapping.#": "2",
                            "subnet_mapping.0.allocation_id": "",
                            "subnet_mapping.0.ipv6_address": "",
                            "subnet_mapping.0.outpost_id": "",
                            "subnet_mapping.0.private_ipv4_address": "",
                            "subnet_mapping.0.subnet_id": "subnet-00e46a0990c18ecd3",
                            "subnet_mapping.1.allocation_id": "",
                            "subnet_mapping.1.ipv6_address": "",
                            "subnet_mapping.1.outpost_id": "",
                            "subnet_mapping.1.private_ipv4_address": "",
                            "subnet_mapping.1.subnet_id": "subnet-034d1be2f7491f28c",
                            "subnets.#": "2",
                            "subnets.0": "subnet-00e46a0990c18ecd3",
                            "subnets.1": "subnet-034d1be2f7491f28c",
                            "tags.%": "0",
                            "tags_all.%": "0",
                            "vpc_id": "vpc-0117a201e2b9db678",
                            "zone_id": "Z3DQVH9N71FHZ0"
                        },
                        "meta": {
                            "schema_version": 0
                        },
                        "tainted": false
                    },
                    "deposed": [],
                    "provider": "provider.aws"
                },
                "aws_lb.tfer--test": {
                    "type": "aws_lb",
                    "depends_on": [],
                    "primary": {
                        "id": "arn:aws:elasticloadbalancing:ap-east-1:821378024988:loadbalancer/app/test/6be875d7f742645d",
                        "attributes": {
                            "access_logs.#": "1",
                            "access_logs.0.bucket": "",
                            "access_logs.0.enabled": "false",
                            "access_logs.0.prefix": "",
                            "arn": "arn:aws:elasticloadbalancing:ap-east-1:821378024988:loadbalancer/app/test/6be875d7f742645d",
                            "arn_suffix": "app/test/6be875d7f742645d",
                            "customer_owned_ipv4_pool": "",
                            "desync_mitigation_mode": "defensive",
                            "dns_name": "test-368335589.ap-east-1.elb.amazonaws.com",
                            "drop_invalid_header_fields": "false",
                            "enable_deletion_protection": "false",
                            "enable_http2": "true",
                            "enable_waf_fail_open": "false",
                            "id": "arn:aws:elasticloadbalancing:ap-east-1:821378024988:loadbalancer/app/test/6be875d7f742645d",
                            "idle_timeout": "60",
                            "internal": "false",
                            "ip_address_type": "ipv4",
                            "load_balancer_type": "application",
                            "name": "test",
                            "security_groups.#": "1",
                            "security_groups.0": "sg-0c3a2e558a6a67a84",
                            "subnet_mapping.#": "2",
                            "subnet_mapping.0.allocation_id": "",
                            "subnet_mapping.0.ipv6_address": "",
                            "subnet_mapping.0.outpost_id": "",
                            "subnet_mapping.0.private_ipv4_address": "",
                            "subnet_mapping.0.subnet_id": "subnet-00e46a0990c18ecd3",
                            "subnet_mapping.1.allocation_id": "",
                            "subnet_mapping.1.ipv6_address": "",
                            "subnet_mapping.1.outpost_id": "",
                            "subnet_mapping.1.private_ipv4_address": "",
                            "subnet_mapping.1.subnet_id": "subnet-034d1be2f7491f28c",
                            "subnets.#": "2",
                            "subnets.0": "subnet-00e46a0990c18ecd3",
                            "subnets.1": "subnet-034d1be2f7491f28c",
                            "tags.%": "0",
                            "tags_all.%": "0",
                            "vpc_id": "vpc-0117a201e2b9db678",
                            "zone_id": "Z3DQVH9N71FHZ0"
                        },
                        "meta": {
                            "schema_version": 0
                        },
                        "tainted": false
                    },
                    "deposed": [],
                    "provider": "provider.aws"
                },
                "aws_lb_listener.tfer--arn-003A-aws-003A-elasticloadbalancing-003A-ap-east-1-003A-821378024988-003A-listener-002F-app-002F-crm-dev-002F-2c616992d865732e-002F-9aebca9e04c94baf": {
                    "type": "aws_lb_listener",
                    "depends_on": [],
                    "primary": {
                        "id": "arn:aws:elasticloadbalancing:ap-east-1:821378024988:listener/app/crm-dev/2c616992d865732e/9aebca9e04c94baf",
                        "attributes": {
                            "arn": "arn:aws:elasticloadbalancing:ap-east-1:821378024988:listener/app/crm-dev/2c616992d865732e/9aebca9e04c94baf",
                            "default_action.#": "1",
                            "default_action.0.authenticate_cognito.#": "0",
                            "default_action.0.authenticate_oidc.#": "0",
                            "default_action.0.fixed_response.#": "0",
                            "default_action.0.forward.#": "0",
                            "default_action.0.order": "0",
                            "default_action.0.redirect.#": "0",
                            "default_action.0.target_group_arn": "arn:aws:elasticloadbalancing:ap-east-1:821378024988:targetgroup/crm-dev-frontend/b2b4a0708de02a19",
                            "default_action.0.type": "forward",
                            "id": "arn:aws:elasticloadbalancing:ap-east-1:821378024988:listener/app/crm-dev/2c616992d865732e/9aebca9e04c94baf",
                            "load_balancer_arn": "arn:aws:elasticloadbalancing:ap-east-1:821378024988:loadbalancer/app/crm-dev/2c616992d865732e",
                            "port": "80",
                            "protocol": "HTTP",
                            "ssl_policy": "",
                            "tags.%": "0",
                            "tags_all.%": "0"
                        },
                        "meta": {
                            "schema_version": 0
                        },
                        "tainted": false
                    },
                    "deposed": [],
                    "provider": "provider.aws"
                },
                "aws_lb_listener.tfer--arn-003A-aws-003A-elasticloadbalancing-003A-ap-east-1-003A-821378024988-003A-listener-002F-app-002F-test-002F-6be875d7f742645d-002F-5884da1c026e4c84": {
                    "type": "aws_lb_listener",
                    "depends_on": [],
                    "primary": {
                        "id": "arn:aws:elasticloadbalancing:ap-east-1:821378024988:listener/app/test/6be875d7f742645d/5884da1c026e4c84",
                        "attributes": {
                            "arn": "arn:aws:elasticloadbalancing:ap-east-1:821378024988:listener/app/test/6be875d7f742645d/5884da1c026e4c84",
                            "default_action.#": "1",
                            "default_action.0.authenticate_cognito.#": "0",
                            "default_action.0.authenticate_oidc.#": "0",
                            "default_action.0.fixed_response.#": "0",
                            "default_action.0.forward.#": "0",
                            "default_action.0.order": "1",
                            "default_action.0.redirect.#": "1",
                            "default_action.0.redirect.0.host": "#{host}",
                            "default_action.0.redirect.0.path": "/#{path}",
                            "default_action.0.redirect.0.port": "443",
                            "default_action.0.redirect.0.protocol": "HTTPS",
                            "default_action.0.redirect.0.query": "#{query}",
                            "default_action.0.redirect.0.status_code": "HTTP_301",
                            "default_action.0.target_group_arn": "",
                            "default_action.0.type": "redirect",
                            "id": "arn:aws:elasticloadbalancing:ap-east-1:821378024988:listener/app/test/6be875d7f742645d/5884da1c026e4c84",
                            "load_balancer_arn": "arn:aws:elasticloadbalancing:ap-east-1:821378024988:loadbalancer/app/test/6be875d7f742645d",
                            "port": "80",
                            "protocol": "HTTP",
                            "ssl_policy": "",
                            "tags.%": "0",
                            "tags_all.%": "0"
                        },
                        "meta": {
                            "schema_version": 0
                        },
                        "tainted": false
                    },
                    "deposed": [],
                    "provider": "provider.aws"
                },
                "aws_lb_listener.tfer--arn-003A-aws-003A-elasticloadbalancing-003A-ap-east-1-003A-821378024988-003A-listener-002F-app-002F-test-002F-6be875d7f742645d-002F-a6e12c6ff26e0b40": {
                    "type": "aws_lb_listener",
                    "depends_on": [],
                    "primary": {
                        "id": "arn:aws:elasticloadbalancing:ap-east-1:821378024988:listener/app/test/6be875d7f742645d/a6e12c6ff26e0b40",
                        "attributes": {
                            "arn": "arn:aws:elasticloadbalancing:ap-east-1:821378024988:listener/app/test/6be875d7f742645d/a6e12c6ff26e0b40",
                            "certificate_arn": "arn:aws:acm:ap-east-1:821378024988:certificate/7c93db4f-6b14-4553-8df2-6acf9efa2f6e",
                            "default_action.#": "1",
                            "default_action.0.authenticate_cognito.#": "0",
                            "default_action.0.authenticate_oidc.#": "0",
                            "default_action.0.fixed_response.#": "0",
                            "default_action.0.forward.#": "0",
                            "default_action.0.order": "0",
                            "default_action.0.redirect.#": "0",
                            "default_action.0.target_group_arn": "arn:aws:elasticloadbalancing:ap-east-1:821378024988:targetgroup/crm/46ab67702ec0004a",
                            "default_action.0.type": "forward",
                            "id": "arn:aws:elasticloadbalancing:ap-east-1:821378024988:listener/app/test/6be875d7f742645d/a6e12c6ff26e0b40",
                            "load_balancer_arn": "arn:aws:elasticloadbalancing:ap-east-1:821378024988:loadbalancer/app/test/6be875d7f742645d",
                            "port": "443",
                            "protocol": "HTTPS",
                            "ssl_policy": "ELBSecurityPolicy-2016-08",
                            "tags.%": "0",
                            "tags_all.%": "0"
                        },
                        "meta": {
                            "schema_version": 0
                        },
                        "tainted": false
                    },
                    "deposed": [],
                    "provider": "provider.aws"
                },
                "aws_lb_listener_rule.tfer--arn-003A-aws-003A-elasticloadbalancing-003A-ap-east-1-003A-821378024988-003A-listener-rule-002F-app-002F-crm-dev-002F-2c616992d865732e-002F-9aebca9e04c94baf-002F-3c7e76b13947c8c1": {
                    "type": "aws_lb_listener_rule",
                    "depends_on": [],
                    "primary": {
                        "id": "arn:aws:elasticloadbalancing:ap-east-1:821378024988:listener-rule/app/crm-dev/2c616992d865732e/9aebca9e04c94baf/3c7e76b13947c8c1",
                        "attributes": {
                            "action.#": "1",
                            "action.0.authenticate_cognito.#": "0",
                            "action.0.authenticate_oidc.#": "0",
                            "action.0.fixed_response.#": "0",
                            "action.0.forward.#": "0",
                            "action.0.order": "1",
                            "action.0.redirect.#": "0",
                            "action.0.target_group_arn": "arn:aws:elasticloadbalancing:ap-east-1:821378024988:targetgroup/crm-dev-cms/02229612c77f237d",
                            "action.0.type": "forward",
                            "arn": "arn:aws:elasticloadbalancing:ap-east-1:821378024988:listener-rule/app/crm-dev/2c616992d865732e/9aebca9e04c94baf/3c7e76b13947c8c1",
                            "condition.#": "1",
                            "condition.0.host_header.#": "0",
                            "condition.0.http_header.#": "1",
                            "condition.0.http_header.0.http_header_name": "x-forward-to",
                            "condition.0.http_header.0.values.#": "1",
                            "condition.0.http_header.0.values.0": "cms",
                            "condition.0.http_request_method.#": "0",
                            "condition.0.path_pattern.#": "0",
                            "condition.0.query_string.#": "0",
                            "condition.0.source_ip.#": "0",
                            "id": "arn:aws:elasticloadbalancing:ap-east-1:821378024988:listener-rule/app/crm-dev/2c616992d865732e/9aebca9e04c94baf/3c7e76b13947c8c1",
                            "listener_arn": "arn:aws:elasticloadbalancing:ap-east-1:821378024988:listener/app/crm-dev/2c616992d865732e/9aebca9e04c94baf",
                            "priority": "1",
                            "tags.%": "0",
                            "tags_all.%": "0"
                        },
                        "meta": {
                            "schema_version": 0
                        },
                        "tainted": false
                    },
                    "deposed": [],
                    "provider": "provider.aws"
                },
                "aws_lb_listener_rule.tfer--arn-003A-aws-003A-elasticloadbalancing-003A-ap-east-1-003A-821378024988-003A-listener-rule-002F-app-002F-crm-dev-002F-2c616992d865732e-002F-9aebca9e04c94baf-002F-6cd57ab107fec5c5": {
                    "type": "aws_lb_listener_rule",
                    "depends_on": [],
                    "primary": {
                        "id": "arn:aws:elasticloadbalancing:ap-east-1:821378024988:listener-rule/app/crm-dev/2c616992d865732e/9aebca9e04c94baf/6cd57ab107fec5c5",
                        "attributes": {
                            "action.#": "1",
                            "action.0.authenticate_cognito.#": "0",
                            "action.0.authenticate_oidc.#": "0",
                            "action.0.fixed_response.#": "0",
                            "action.0.forward.#": "0",
                            "action.0.order": "1",
                            "action.0.redirect.#": "0",
                            "action.0.target_group_arn": "arn:aws:elasticloadbalancing:ap-east-1:821378024988:targetgroup/crm-dev-backend/b481351f6c83be1c",
                            "action.0.type": "forward",
                            "arn": "arn:aws:elasticloadbalancing:ap-east-1:821378024988:listener-rule/app/crm-dev/2c616992d865732e/9aebca9e04c94baf/6cd57ab107fec5c5",
                            "condition.#": "1",
                            "condition.0.host_header.#": "0",
                            "condition.0.http_header.#": "0",
                            "condition.0.http_request_method.#": "0",
                            "condition.0.path_pattern.#": "1",
                            "condition.0.path_pattern.0.values.#": "4",
                            "condition.0.path_pattern.0.values.0": "/docs",
                            "condition.0.path_pattern.0.values.1": "/docs/*",
                            "condition.0.path_pattern.0.values.2": "/v1",
                            "condition.0.path_pattern.0.values.3": "/v1/*",
                            "condition.0.query_string.#": "0",
                            "condition.0.source_ip.#": "0",
                            "id": "arn:aws:elasticloadbalancing:ap-east-1:821378024988:listener-rule/app/crm-dev/2c616992d865732e/9aebca9e04c94baf/6cd57ab107fec5c5",
                            "listener_arn": "arn:aws:elasticloadbalancing:ap-east-1:821378024988:listener/app/crm-dev/2c616992d865732e/9aebca9e04c94baf",
                            "priority": "2",
                            "tags.%": "0",
                            "tags_all.%": "0"
                        },
                        "meta": {
                            "schema_version": 0
                        },
                        "tainted": false
                    },
                    "deposed": [],
                    "provider": "provider.aws"
                },
                "aws_lb_listener_rule.tfer--arn-003A-aws-003A-elasticloadbalancing-003A-ap-east-1-003A-821378024988-003A-listener-rule-002F-app-002F-test-002F-6be875d7f742645d-002F-a6e12c6ff26e0b40-002F-0569c922ce43b026": {
                    "type": "aws_lb_listener_rule",
                    "depends_on": [],
                    "primary": {
                        "id": "arn:aws:elasticloadbalancing:ap-east-1:821378024988:listener-rule/app/test/6be875d7f742645d/a6e12c6ff26e0b40/0569c922ce43b026",
                        "attributes": {
                            "action.#": "1",
                            "action.0.authenticate_cognito.#": "0",
                            "action.0.authenticate_oidc.#": "0",
                            "action.0.fixed_response.#": "0",
                            "action.0.forward.#": "0",
                            "action.0.order": "1",
                            "action.0.redirect.#": "0",
                            "action.0.target_group_arn": "arn:aws:elasticloadbalancing:ap-east-1:821378024988:targetgroup/crm-backend/4f6f899517d68fb8",
                            "action.0.type": "forward",
                            "arn": "arn:aws:elasticloadbalancing:ap-east-1:821378024988:listener-rule/app/test/6be875d7f742645d/a6e12c6ff26e0b40/0569c922ce43b026",
                            "condition.#": "1",
                            "condition.0.host_header.#": "0",
                            "condition.0.http_header.#": "0",
                            "condition.0.http_request_method.#": "0",
                            "condition.0.path_pattern.#": "1",
                            "condition.0.path_pattern.0.values.#": "4",
                            "condition.0.path_pattern.0.values.0": "/docs",
                            "condition.0.path_pattern.0.values.1": "/docs/*",
                            "condition.0.path_pattern.0.values.2": "/v1",
                            "condition.0.path_pattern.0.values.3": "/v1/*",
                            "condition.0.query_string.#": "0",
                            "condition.0.source_ip.#": "0",
                            "id": "arn:aws:elasticloadbalancing:ap-east-1:821378024988:listener-rule/app/test/6be875d7f742645d/a6e12c6ff26e0b40/0569c922ce43b026",
                            "listener_arn": "arn:aws:elasticloadbalancing:ap-east-1:821378024988:listener/app/test/6be875d7f742645d/a6e12c6ff26e0b40",
                            "priority": "2",
                            "tags.%": "0",
                            "tags_all.%": "0"
                        },
                        "meta": {
                            "schema_version": 0
                        },
                        "tainted": false
                    },
                    "deposed": [],
                    "provider": "provider.aws"
                },
                "aws_lb_listener_rule.tfer--arn-003A-aws-003A-elasticloadbalancing-003A-ap-east-1-003A-821378024988-003A-listener-rule-002F-app-002F-test-002F-6be875d7f742645d-002F-a6e12c6ff26e0b40-002F-cf77833bc048a757": {
                    "type": "aws_lb_listener_rule",
                    "depends_on": [],
                    "primary": {
                        "id": "arn:aws:elasticloadbalancing:ap-east-1:821378024988:listener-rule/app/test/6be875d7f742645d/a6e12c6ff26e0b40/cf77833bc048a757",
                        "attributes": {
                            "action.#": "1",
                            "action.0.authenticate_cognito.#": "0",
                            "action.0.authenticate_oidc.#": "0",
                            "action.0.fixed_response.#": "0",
                            "action.0.forward.#": "0",
                            "action.0.order": "1",
                            "action.0.redirect.#": "0",
                            "action.0.target_group_arn": "arn:aws:elasticloadbalancing:ap-east-1:821378024988:targetgroup/crm-cms/b0a69e7dde975c01",
                            "action.0.type": "forward",
                            "arn": "arn:aws:elasticloadbalancing:ap-east-1:821378024988:listener-rule/app/test/6be875d7f742645d/a6e12c6ff26e0b40/cf77833bc048a757",
                            "condition.#": "1",
                            "condition.0.host_header.#": "0",
                            "condition.0.http_header.#": "1",
                            "condition.0.http_header.0.http_header_name": "x-forward-to",
                            "condition.0.http_header.0.values.#": "1",
                            "condition.0.http_header.0.values.0": "cms",
                            "condition.0.http_request_method.#": "0",
                            "condition.0.path_pattern.#": "0",
                            "condition.0.query_string.#": "0",
                            "condition.0.source_ip.#": "0",
                            "id": "arn:aws:elasticloadbalancing:ap-east-1:821378024988:listener-rule/app/test/6be875d7f742645d/a6e12c6ff26e0b40/cf77833bc048a757",
                            "listener_arn": "arn:aws:elasticloadbalancing:ap-east-1:821378024988:listener/app/test/6be875d7f742645d/a6e12c6ff26e0b40",
                            "priority": "1",
                            "tags.%": "0",
                            "tags_all.%": "0"
                        },
                        "meta": {
                            "schema_version": 0
                        },
                        "tainted": false
                    },
                    "deposed": [],
                    "provider": "provider.aws"
                },
                "aws_lb_target_group.tfer--crm": {
                    "type": "aws_lb_target_group",
                    "depends_on": [],
                    "primary": {
                        "id": "arn:aws:elasticloadbalancing:ap-east-1:821378024988:targetgroup/crm/46ab67702ec0004a",
                        "attributes": {
                            "arn": "arn:aws:elasticloadbalancing:ap-east-1:821378024988:targetgroup/crm/46ab67702ec0004a",
                            "arn_suffix": "targetgroup/crm/46ab67702ec0004a",
                            "deregistration_delay": "300",
                            "health_check.#": "1",
                            "health_check.0.enabled": "true",
                            "health_check.0.healthy_threshold": "5",
                            "health_check.0.interval": "30",
                            "health_check.0.matcher": "200",
                            "health_check.0.path": "/",
                            "health_check.0.port": "3000",
                            "health_check.0.protocol": "HTTP",
                            "health_check.0.timeout": "5",
                            "health_check.0.unhealthy_threshold": "2",
                            "id": "arn:aws:elasticloadbalancing:ap-east-1:821378024988:targetgroup/crm/46ab67702ec0004a",
                            "load_balancing_algorithm_type": "round_robin",
                            "name": "crm",
                            "port": "80",
                            "protocol": "HTTP",
                            "protocol_version": "HTTP1",
                            "slow_start": "0",
                            "stickiness.#": "1",
                            "stickiness.0.cookie_duration": "86400",
                            "stickiness.0.cookie_name": "",
                            "stickiness.0.enabled": "false",
                            "stickiness.0.type": "lb_cookie",
                            "tags.%": "0",
                            "tags_all.%": "0",
                            "target_type": "instance",
                            "vpc_id": "vpc-0117a201e2b9db678"
                        },
                        "meta": {
                            "schema_version": 0
                        },
                        "tainted": false
                    },
                    "deposed": [],
                    "provider": "provider.aws"
                },
                "aws_lb_target_group.tfer--crm-backend": {
                    "type": "aws_lb_target_group",
                    "depends_on": [],
                    "primary": {
                        "id": "arn:aws:elasticloadbalancing:ap-east-1:821378024988:targetgroup/crm-backend/4f6f899517d68fb8",
                        "attributes": {
                            "arn": "arn:aws:elasticloadbalancing:ap-east-1:821378024988:targetgroup/crm-backend/4f6f899517d68fb8",
                            "arn_suffix": "targetgroup/crm-backend/4f6f899517d68fb8",
                            "deregistration_delay": "300",
                            "health_check.#": "1",
                            "health_check.0.enabled": "true",
                            "health_check.0.healthy_threshold": "5",
                            "health_check.0.interval": "30",
                            "health_check.0.matcher": "200",
                            "health_check.0.path": "/docs/",
                            "health_check.0.port": "8000",
                            "health_check.0.protocol": "HTTP",
                            "health_check.0.timeout": "5",
                            "health_check.0.unhealthy_threshold": "2",
                            "id": "arn:aws:elasticloadbalancing:ap-east-1:821378024988:targetgroup/crm-backend/4f6f899517d68fb8",
                            "load_balancing_algorithm_type": "round_robin",
                            "name": "crm-backend",
                            "port": "80",
                            "protocol": "HTTP",
                            "protocol_version": "HTTP1",
                            "slow_start": "0",
                            "stickiness.#": "1",
                            "stickiness.0.cookie_duration": "86400",
                            "stickiness.0.cookie_name": "",
                            "stickiness.0.enabled": "false",
                            "stickiness.0.type": "lb_cookie",
                            "tags.%": "0",
                            "tags_all.%": "0",
                            "target_type": "instance",
                            "vpc_id": "vpc-0117a201e2b9db678"
                        },
                        "meta": {
                            "schema_version": 0
                        },
                        "tainted": false
                    },
                    "deposed": [],
                    "provider": "provider.aws"
                },
                "aws_lb_target_group.tfer--crm-cms": {
                    "type": "aws_lb_target_group",
                    "depends_on": [],
                    "primary": {
                        "id": "arn:aws:elasticloadbalancing:ap-east-1:821378024988:targetgroup/crm-cms/b0a69e7dde975c01",
                        "attributes": {
                            "arn": "arn:aws:elasticloadbalancing:ap-east-1:821378024988:targetgroup/crm-cms/b0a69e7dde975c01",
                            "arn_suffix": "targetgroup/crm-cms/b0a69e7dde975c01",
                            "deregistration_delay": "300",
                            "health_check.#": "1",
                            "health_check.0.enabled": "true",
                            "health_check.0.healthy_threshold": "5",
                            "health_check.0.interval": "30",
                            "health_check.0.matcher": "200",
                            "health_check.0.path": "/",
                            "health_check.0.port": "traffic-port",
                            "health_check.0.protocol": "HTTP",
                            "health_check.0.timeout": "5",
                            "health_check.0.unhealthy_threshold": "2",
                            "id": "arn:aws:elasticloadbalancing:ap-east-1:821378024988:targetgroup/crm-cms/b0a69e7dde975c01",
                            "load_balancing_algorithm_type": "round_robin",
                            "name": "crm-cms",
                            "port": "80",
                            "protocol": "HTTP",
                            "protocol_version": "HTTP1",
                            "slow_start": "0",
                            "stickiness.#": "1",
                            "stickiness.0.cookie_duration": "86400",
                            "stickiness.0.cookie_name": "",
                            "stickiness.0.enabled": "false",
                            "stickiness.0.type": "lb_cookie",
                            "tags.%": "0",
                            "tags_all.%": "0",
                            "target_type": "instance",
                            "vpc_id": "vpc-0117a201e2b9db678"
                        },
                        "meta": {
                            "schema_version": 0
                        },
                        "tainted": false
                    },
                    "deposed": [],
                    "provider": "provider.aws"
                },
                "aws_lb_target_group.tfer--crm-dev-backend": {
                    "type": "aws_lb_target_group",
                    "depends_on": [],
                    "primary": {
                        "id": "arn:aws:elasticloadbalancing:ap-east-1:821378024988:targetgroup/crm-dev-backend/b481351f6c83be1c",
                        "attributes": {
                            "arn": "arn:aws:elasticloadbalancing:ap-east-1:821378024988:targetgroup/crm-dev-backend/b481351f6c83be1c",
                            "arn_suffix": "targetgroup/crm-dev-backend/b481351f6c83be1c",
                            "deregistration_delay": "300",
                            "health_check.#": "1",
                            "health_check.0.enabled": "true",
                            "health_check.0.healthy_threshold": "5",
                            "health_check.0.interval": "30",
                            "health_check.0.matcher": "200",
                            "health_check.0.path": "/docs/",
                            "health_check.0.port": "traffic-port",
                            "health_check.0.protocol": "HTTP",
                            "health_check.0.timeout": "5",
                            "health_check.0.unhealthy_threshold": "2",
                            "id": "arn:aws:elasticloadbalancing:ap-east-1:821378024988:targetgroup/crm-dev-backend/b481351f6c83be1c",
                            "load_balancing_algorithm_type": "round_robin",
                            "name": "crm-dev-backend",
                            "port": "80",
                            "protocol": "HTTP",
                            "protocol_version": "HTTP1",
                            "slow_start": "0",
                            "stickiness.#": "1",
                            "stickiness.0.cookie_duration": "86400",
                            "stickiness.0.cookie_name": "",
                            "stickiness.0.enabled": "false",
                            "stickiness.0.type": "lb_cookie",
                            "tags.%": "0",
                            "tags_all.%": "0",
                            "target_type": "instance",
                            "vpc_id": "vpc-0117a201e2b9db678"
                        },
                        "meta": {
                            "schema_version": 0
                        },
                        "tainted": false
                    },
                    "deposed": [],
                    "provider": "provider.aws"
                },
                "aws_lb_target_group.tfer--crm-dev-cms": {
                    "type": "aws_lb_target_group",
                    "depends_on": [],
                    "primary": {
                        "id": "arn:aws:elasticloadbalancing:ap-east-1:821378024988:targetgroup/crm-dev-cms/02229612c77f237d",
                        "attributes": {
                            "arn": "arn:aws:elasticloadbalancing:ap-east-1:821378024988:targetgroup/crm-dev-cms/02229612c77f237d",
                            "arn_suffix": "targetgroup/crm-dev-cms/02229612c77f237d",
                            "deregistration_delay": "300",
                            "health_check.#": "1",
                            "health_check.0.enabled": "true",
                            "health_check.0.healthy_threshold": "5",
                            "health_check.0.interval": "30",
                            "health_check.0.matcher": "200",
                            "health_check.0.path": "/admin",
                            "health_check.0.port": "traffic-port",
                            "health_check.0.protocol": "HTTP",
                            "health_check.0.timeout": "5",
                            "health_check.0.unhealthy_threshold": "2",
                            "id": "arn:aws:elasticloadbalancing:ap-east-1:821378024988:targetgroup/crm-dev-cms/02229612c77f237d",
                            "load_balancing_algorithm_type": "round_robin",
                            "name": "crm-dev-cms",
                            "port": "80",
                            "protocol": "HTTP",
                            "protocol_version": "HTTP1",
                            "slow_start": "0",
                            "stickiness.#": "1",
                            "stickiness.0.cookie_duration": "86400",
                            "stickiness.0.cookie_name": "",
                            "stickiness.0.enabled": "false",
                            "stickiness.0.type": "lb_cookie",
                            "tags.%": "0",
                            "tags_all.%": "0",
                            "target_type": "instance",
                            "vpc_id": "vpc-0117a201e2b9db678"
                        },
                        "meta": {
                            "schema_version": 0
                        },
                        "tainted": false
                    },
                    "deposed": [],
                    "provider": "provider.aws"
                },
                "aws_lb_target_group.tfer--crm-dev-frontend": {
                    "type": "aws_lb_target_group",
                    "depends_on": [],
                    "primary": {
                        "id": "arn:aws:elasticloadbalancing:ap-east-1:821378024988:targetgroup/crm-dev-frontend/b2b4a0708de02a19",
                        "attributes": {
                            "arn": "arn:aws:elasticloadbalancing:ap-east-1:821378024988:targetgroup/crm-dev-frontend/b2b4a0708de02a19",
                            "arn_suffix": "targetgroup/crm-dev-frontend/b2b4a0708de02a19",
                            "deregistration_delay": "300",
                            "health_check.#": "1",
                            "health_check.0.enabled": "true",
                            "health_check.0.healthy_threshold": "5",
                            "health_check.0.interval": "30",
                            "health_check.0.matcher": "200",
                            "health_check.0.path": "/",
                            "health_check.0.port": "traffic-port",
                            "health_check.0.protocol": "HTTP",
                            "health_check.0.timeout": "5",
                            "health_check.0.unhealthy_threshold": "2",
                            "id": "arn:aws:elasticloadbalancing:ap-east-1:821378024988:targetgroup/crm-dev-frontend/b2b4a0708de02a19",
                            "load_balancing_algorithm_type": "round_robin",
                            "name": "crm-dev-frontend",
                            "port": "80",
                            "protocol": "HTTP",
                            "protocol_version": "HTTP1",
                            "slow_start": "0",
                            "stickiness.#": "1",
                            "stickiness.0.cookie_duration": "86400",
                            "stickiness.0.cookie_name": "",
                            "stickiness.0.enabled": "false",
                            "stickiness.0.type": "lb_cookie",
                            "tags.%": "0",
                            "tags_all.%": "0",
                            "target_type": "instance",
                            "vpc_id": "vpc-0117a201e2b9db678"
                        },
                        "meta": {
                            "schema_version": 0
                        },
                        "tainted": false
                    },
                    "deposed": [],
                    "provider": "provider.aws"
                }
            },
            "depends_on": []
        }
    ]
}
